
Microsoft Visual Studio Solution File, Format Version 12.00
# Visual Studio Version 17
VisualStudioVersion = 17.8.34316.72
MinimumVisualStudioVersion = 10.0.40219.1
Project("{9A19103F-16F7-4668-BE54-9A1E7A4F7556}") = "GuessTheWordServer", "GuessTheWordServer\GuessTheWordServer.csproj", "{1EC356DC-F835-45E5-A395-12B9C6B1BD3B}"
EndProject
Project("{9A19103F-16F7-4668-BE54-9A1E7A4F7556}") = "GuessTheWordClient", "GuessTheWordClient\GuessTheWordClient.csproj", "{C3942D17-E0BA-4B2F-86E3-E4A060506311}"
EndProject
Global
	GlobalSection(SolutionConfigurationPlatforms) = preSolution
		Debug|Any CPU = Debug|Any CPU
		Release|Any CPU = Release|Any CPU
	EndGlobalSection
	GlobalSection(ProjectConfigurationPlatforms) = postSolution
		{1EC356DC-F835-45E5-A395-12B9C6B1BD3B}.Debug|Any CPU.ActiveCfg = Debug|Any CPU
		{1EC356DC-F835-45E5-A395-12B9C6B1BD3B}.Debug|Any CPU.Build.0 = Debug|Any CPU
		{1EC356DC-F835-45E5-A395-12B9C6B1BD3B}.Release|Any CPU.ActiveCfg = Release|Any CPU
		{1EC356DC-F835-45E5-A395-12B9C6B1BD3B}.Release|Any CPU.Build.0 = Release|Any CPU
		{C3942D17-E0BA-4B2F-86E3-E4A060506311}.Debug|Any CPU.ActiveCfg = Debug|Any CPU
		{C3942D17-E0BA-4B2F-86E3-E4A060506311}.Debug|Any CPU.Build.0 = Debug|Any CPU
		{C3942D17-E0BA-4B2F-86E3-E4A060506311}.Release|Any CPU.ActiveCfg = Release|Any CPU
		{C3942D17-E0BA-4B2F-86E3-E4A060506311}.Release|Any CPU.Build.0 = Release|Any CPU
	EndGlobalSection
	GlobalSection(SolutionProperties) = preSolution
		HideSolutionNode = FALSE
	EndGlobalSection
	GlobalSection(ExtensibilityGlobals) = postSolution
		SolutionGuid = {6618AFA1-DFAD-421B-8374-E6EBF8D6404E}
	EndGlobalSection
EndGlobal
